// !$*UTF8*$!
{
	archiveVersion = 1;
	classes = {
	};
	objectVersion = 46;
	objects = {

/* Begin PBXBuildFile section */
		102B171C1B617FD600646175 /* AppDelegate.swift in Sources */ = {isa = PBXBuildFile; fileRef = 102B171B1B617FD600646175 /* AppDelegate.swift */; };
		102B171E1B617FD600646175 /* ViewController.swift in Sources */ = {isa = PBXBuildFile; fileRef = 102B171D1B617FD600646175 /* ViewController.swift */; };
		102B17231B617FD600646175 /* Images.xcassets in Resources */ = {isa = PBXBuildFile; fileRef = 102B17221B617FD600646175 /* Images.xcassets */; };
		102B17261B617FD600646175 /* LaunchScreen.xib in Resources */ = {isa = PBXBuildFile; fileRef = 102B17241B617FD600646175 /* LaunchScreen.xib */; };
		102B17321B617FD600646175 /* noNameTests.swift in Sources */ = {isa = PBXBuildFile; fileRef = 102B17311B617FD600646175 /* noNameTests.swift */; };
		102B173E1B61B19200646175 /* TabBarViewController.swift in Sources */ = {isa = PBXBuildFile; fileRef = 102B173D1B61B19200646175 /* TabBarViewController.swift */; };
		102B17471B62C69B00646175 /* Bolts.framework in Frameworks */ = {isa = PBXBuildFile; fileRef = 102B17411B62C69B00646175 /* Bolts.framework */; };
		102B17481B62C69B00646175 /* Parse.framework in Frameworks */ = {isa = PBXBuildFile; fileRef = 102B17421B62C69B00646175 /* Parse.framework */; };
		102B17491B62C69B00646175 /* ParseCrashReporting.framework in Frameworks */ = {isa = PBXBuildFile; fileRef = 102B17431B62C69B00646175 /* ParseCrashReporting.framework */; };
		102B174A1B62C69B00646175 /* ParseFacebookUtils.framework in Frameworks */ = {isa = PBXBuildFile; fileRef = 102B17441B62C69B00646175 /* ParseFacebookUtils.framework */; };
		102B174B1B62C69B00646175 /* ParseFacebookUtilsV4.framework in Frameworks */ = {isa = PBXBuildFile; fileRef = 102B17451B62C69B00646175 /* ParseFacebookUtilsV4.framework */; };
		102B174C1B62C69B00646175 /* ParseUI.framework in Frameworks */ = {isa = PBXBuildFile; fileRef = 102B17461B62C69B00646175 /* ParseUI.framework */; };
		102B174E1B62C6AE00646175 /* AudioToolbox.framework in Frameworks */ = {isa = PBXBuildFile; fileRef = 102B174D1B62C6AE00646175 /* AudioToolbox.framework */; };
		102B17501B62C6B300646175 /* CFNetwork.framework in Frameworks */ = {isa = PBXBuildFile; fileRef = 102B174F1B62C6B300646175 /* CFNetwork.framework */; };
		102B17521B62C6BA00646175 /* CoreGraphics.framework in Frameworks */ = {isa = PBXBuildFile; fileRef = 102B17511B62C6BA00646175 /* CoreGraphics.framework */; };
		102B17541B62C6C200646175 /* CoreLocation.framework in Frameworks */ = {isa = PBXBuildFile; fileRef = 102B17531B62C6C200646175 /* CoreLocation.framework */; };
		102B17561B62C6CA00646175 /* QuartzCore.framework in Frameworks */ = {isa = PBXBuildFile; fileRef = 102B17551B62C6CA00646175 /* QuartzCore.framework */; };
		102B17581B62C6D000646175 /* Accounts.framework in Frameworks */ = {isa = PBXBuildFile; fileRef = 102B17571B62C6D000646175 /* Accounts.framework */; };
		102B175A1B62C6D500646175 /* Social.framework in Frameworks */ = {isa = PBXBuildFile; fileRef = 102B17591B62C6D400646175 /* Social.framework */; };
		102B175C1B62C6DB00646175 /* Security.framework in Frameworks */ = {isa = PBXBuildFile; fileRef = 102B175B1B62C6DB00646175 /* Security.framework */; };
		102B175E1B62C6E100646175 /* StoreKit.framework in Frameworks */ = {isa = PBXBuildFile; fileRef = 102B175D1B62C6E100646175 /* StoreKit.framework */; };
		102B17601B62C6EA00646175 /* SystemConfiguration.framework in Frameworks */ = {isa = PBXBuildFile; fileRef = 102B175F1B62C6EA00646175 /* SystemConfiguration.framework */; };
		102B17621B62C6F800646175 /* libz.dylib in Frameworks */ = {isa = PBXBuildFile; fileRef = 102B17611B62C6F700646175 /* libz.dylib */; };
		102B17641B62C70200646175 /* libsqlite3.dylib in Frameworks */ = {isa = PBXBuildFile; fileRef = 102B17631B62C70200646175 /* libsqlite3.dylib */; };
		102B17661B62C87F00646175 /* AuthViewController.swift in Sources */ = {isa = PBXBuildFile; fileRef = 102B17651B62C87F00646175 /* AuthViewController.swift */; };
		102B17681B62D06700646175 /* signUpViewController.swift in Sources */ = {isa = PBXBuildFile; fileRef = 102B17671B62D06700646175 /* signUpViewController.swift */; };
		102B176A1B62D06F00646175 /* logInViewController.swift in Sources */ = {isa = PBXBuildFile; fileRef = 102B17691B62D06F00646175 /* logInViewController.swift */; };
		102B176C1B62E3CD00646175 /* Sunday-Regular.ttf in Resources */ = {isa = PBXBuildFile; fileRef = 102B176B1B62E3CD00646175 /* Sunday-Regular.ttf */; };
		1031B8761B62E58A00CA49CC /* Canter Bold 3D.otf in Resources */ = {isa = PBXBuildFile; fileRef = 1031B8751B62E58A00CA49CC /* Canter Bold 3D.otf */; };
		1031B8781B62E5FF00CA49CC /* Canter Bold.otf in Resources */ = {isa = PBXBuildFile; fileRef = 1031B8771B62E5FF00CA49CC /* Canter Bold.otf */; };
		1031B87A1B66C16700CA49CC /* CustomTableViewController.swift in Sources */ = {isa = PBXBuildFile; fileRef = 1031B8791B66C16700CA49CC /* CustomTableViewController.swift */; };
		1031B87C1B694E9200CA49CC /* FeedViewController.swift in Sources */ = {isa = PBXBuildFile; fileRef = 1031B87B1B694E9200CA49CC /* FeedViewController.swift */; };
		1031B87F1B695B5900CA49CC /* Main.storyboard in Resources */ = {isa = PBXBuildFile; fileRef = 1031B87D1B695B5900CA49CC /* Main.storyboard */; };
/* End PBXBuildFile section */

/* Begin PBXContainerItemProxy section */
		102B172C1B617FD600646175 /* PBXContainerItemProxy */ = {
			isa = PBXContainerItemProxy;
			containerPortal = 102B170E1B617FD600646175 /* Project object */;
			proxyType = 1;
			remoteGlobalIDString = 102B17151B617FD600646175;
			remoteInfo = noName;
		};
/* End PBXContainerItemProxy section */

/* Begin PBXFileReference section */
		102B17161B617FD600646175 /* noName.app */ = {isa = PBXFileReference; explicitFileType = wrapper.application; includeInIndex = 0; path = noName.app; sourceTree = BUILT_PRODUCTS_DIR; };
		102B171A1B617FD600646175 /* Info.plist */ = {isa = PBXFileReference; lastKnownFileType = text.plist.xml; path = Info.plist; sourceTree = "<group>"; };
		102B171B1B617FD600646175 /* AppDelegate.swift */ = {isa = PBXFileReference; lastKnownFileType = sourcecode.swift; path = AppDelegate.swift; sourceTree = "<group>"; };
		102B171D1B617FD600646175 /* ViewController.swift */ = {isa = PBXFileReference; lastKnownFileType = sourcecode.swift; path = ViewController.swift; sourceTree = "<group>"; };
		102B17221B617FD600646175 /* Images.xcassets */ = {isa = PBXFileReference; lastKnownFileType = folder.assetcatalog; path = Images.xcassets; sourceTree = "<group>"; };
		102B17251B617FD600646175 /* Base */ = {isa = PBXFileReference; lastKnownFileType = file.xib; name = Base; path = Base.lproj/LaunchScreen.xib; sourceTree = "<group>"; };
		102B172B1B617FD600646175 /* noNameTests.xctest */ = {isa = PBXFileReference; explicitFileType = wrapper.cfbundle; includeInIndex = 0; path = noNameTests.xctest; sourceTree = BUILT_PRODUCTS_DIR; };
		102B17301B617FD600646175 /* Info.plist */ = {isa = PBXFileReference; lastKnownFileType = text.plist.xml; path = Info.plist; sourceTree = "<group>"; };
		102B17311B617FD600646175 /* noNameTests.swift */ = {isa = PBXFileReference; lastKnownFileType = sourcecode.swift; path = noNameTests.swift; sourceTree = "<group>"; };
		102B173D1B61B19200646175 /* TabBarViewController.swift */ = {isa = PBXFileReference; fileEncoding = 4; lastKnownFileType = sourcecode.swift; path = TabBarViewController.swift; sourceTree = "<group>"; };
		102B17411B62C69B00646175 /* Bolts.framework */ = {isa = PBXFileReference; lastKnownFileType = wrapper.framework; name = Bolts.framework; path = "../../Downloads/parse-library-1/Bolts.framework"; sourceTree = "<group>"; };
		102B17421B62C69B00646175 /* Parse.framework */ = {isa = PBXFileReference; lastKnownFileType = wrapper.framework; name = Parse.framework; path = "../../Downloads/parse-library-1/Parse.framework"; sourceTree = "<group>"; };
		102B17431B62C69B00646175 /* ParseCrashReporting.framework */ = {isa = PBXFileReference; lastKnownFileType = wrapper.framework; name = ParseCrashReporting.framework; path = "../../Downloads/parse-library-1/ParseCrashReporting.framework"; sourceTree = "<group>"; };
		102B17441B62C69B00646175 /* ParseFacebookUtils.framework */ = {isa = PBXFileReference; lastKnownFileType = wrapper.framework; name = ParseFacebookUtils.framework; path = "../../Downloads/parse-library-1/ParseFacebookUtils.framework"; sourceTree = "<group>"; };
		102B17451B62C69B00646175 /* ParseFacebookUtilsV4.framework */ = {isa = PBXFileReference; lastKnownFileType = wrapper.framework; name = ParseFacebookUtilsV4.framework; path = "../../Downloads/parse-library-1/ParseFacebookUtilsV4.framework"; sourceTree = "<group>"; };
		102B17461B62C69B00646175 /* ParseUI.framework */ = {isa = PBXFileReference; lastKnownFileType = wrapper.framework; name = ParseUI.framework; path = "../../Downloads/parse-library-1/ParseUI.framework"; sourceTree = "<group>"; };
		102B174D1B62C6AE00646175 /* AudioToolbox.framework */ = {isa = PBXFileReference; lastKnownFileType = wrapper.framework; name = AudioToolbox.framework; path = System/Library/Frameworks/AudioToolbox.framework; sourceTree = SDKROOT; };
		102B174F1B62C6B300646175 /* CFNetwork.framework */ = {isa = PBXFileReference; lastKnownFileType = wrapper.framework; name = CFNetwork.framework; path = System/Library/Frameworks/CFNetwork.framework; sourceTree = SDKROOT; };
		102B17511B62C6BA00646175 /* CoreGraphics.framework */ = {isa = PBXFileReference; lastKnownFileType = wrapper.framework; name = CoreGraphics.framework; path = System/Library/Frameworks/CoreGraphics.framework; sourceTree = SDKROOT; };
		102B17531B62C6C200646175 /* CoreLocation.framework */ = {isa = PBXFileReference; lastKnownFileType = wrapper.framework; name = CoreLocation.framework; path = System/Library/Frameworks/CoreLocation.framework; sourceTree = SDKROOT; };
		102B17551B62C6CA00646175 /* QuartzCore.framework */ = {isa = PBXFileReference; lastKnownFileType = wrapper.framework; name = QuartzCore.framework; path = System/Library/Frameworks/QuartzCore.framework; sourceTree = SDKROOT; };
		102B17571B62C6D000646175 /* Accounts.framework */ = {isa = PBXFileReference; lastKnownFileType = wrapper.framework; name = Accounts.framework; path = System/Library/Frameworks/Accounts.framework; sourceTree = SDKROOT; };
		102B17591B62C6D400646175 /* Social.framework */ = {isa = PBXFileReference; lastKnownFileType = wrapper.framework; name = Social.framework; path = System/Library/Frameworks/Social.framework; sourceTree = SDKROOT; };
		102B175B1B62C6DB00646175 /* Security.framework */ = {isa = PBXFileReference; lastKnownFileType = wrapper.framework; name = Security.framework; path = System/Library/Frameworks/Security.framework; sourceTree = SDKROOT; };
		102B175D1B62C6E100646175 /* StoreKit.framework */ = {isa = PBXFileReference; lastKnownFileType = wrapper.framework; name = StoreKit.framework; path = System/Library/Frameworks/StoreKit.framework; sourceTree = SDKROOT; };
		102B175F1B62C6EA00646175 /* SystemConfiguration.framework */ = {isa = PBXFileReference; lastKnownFileType = wrapper.framework; name = SystemConfiguration.framework; path = System/Library/Frameworks/SystemConfiguration.framework; sourceTree = SDKROOT; };
		102B17611B62C6F700646175 /* libz.dylib */ = {isa = PBXFileReference; lastKnownFileType = "compiled.mach-o.dylib"; name = libz.dylib; path = usr/lib/libz.dylib; sourceTree = SDKROOT; };
		102B17631B62C70200646175 /* libsqlite3.dylib */ = {isa = PBXFileReference; lastKnownFileType = "compiled.mach-o.dylib"; name = libsqlite3.dylib; path = usr/lib/libsqlite3.dylib; sourceTree = SDKROOT; };
		102B17651B62C87F00646175 /* AuthViewController.swift */ = {isa = PBXFileReference; fileEncoding = 4; lastKnownFileType = sourcecode.swift; path = AuthViewController.swift; sourceTree = "<group>"; };
		102B17671B62D06700646175 /* signUpViewController.swift */ = {isa = PBXFileReference; fileEncoding = 4; lastKnownFileType = sourcecode.swift; path = signUpViewController.swift; sourceTree = "<group>"; };
		102B17691B62D06F00646175 /* logInViewController.swift */ = {isa = PBXFileReference; fileEncoding = 4; lastKnownFileType = sourcecode.swift; path = logInViewController.swift; sourceTree = "<group>"; };
		102B176B1B62E3CD00646175 /* Sunday-Regular.ttf */ = {isa = PBXFileReference; lastKnownFileType = file; name = "Sunday-Regular.ttf"; path = "../../../Downloads/sunday/Sunday-Regular.ttf"; sourceTree = "<group>"; };
		1031B8751B62E58A00CA49CC /* Canter Bold 3D.otf */ = {isa = PBXFileReference; lastKnownFileType = file; name = "Canter Bold 3D.otf"; path = "../../../Downloads/canter/Canter Bold 3D.otf"; sourceTree = "<group>"; };
		1031B8771B62E5FF00CA49CC /* Canter Bold.otf */ = {isa = PBXFileReference; lastKnownFileType = file; name = "Canter Bold.otf"; path = "../../../Downloads/canter/Canter Bold.otf"; sourceTree = "<group>"; };
		1031B8791B66C16700CA49CC /* CustomTableViewController.swift */ = {isa = PBXFileReference; fileEncoding = 4; lastKnownFileType = sourcecode.swift; path = CustomTableViewController.swift; sourceTree = "<group>"; };
		1031B87B1B694E9200CA49CC /* FeedViewController.swift */ = {isa = PBXFileReference; fileEncoding = 4; lastKnownFileType = sourcecode.swift; path = FeedViewController.swift; sourceTree = "<group>"; };
		1031B87E1B695B5900CA49CC /* Base */ = {isa = PBXFileReference; lastKnownFileType = file.storyboard; name = Base; path = Base.lproj/Main.storyboard; sourceTree = "<group>"; };
/* End PBXFileReference section */

/* Begin PBXFrameworksBuildPhase section */
		102B17131B617FD600646175 /* Frameworks */ = {
			isa = PBXFrameworksBuildPhase;
			buildActionMask = 2147483647;
			files = (
				102B17641B62C70200646175 /* libsqlite3.dylib in Frameworks */,
				102B17621B62C6F800646175 /* libz.dylib in Frameworks */,
				102B17601B62C6EA00646175 /* SystemConfiguration.framework in Frameworks */,
				102B175E1B62C6E100646175 /* StoreKit.framework in Frameworks */,
				102B175C1B62C6DB00646175 /* Security.framework in Frameworks */,
				102B175A1B62C6D500646175 /* Social.framework in Frameworks */,
				102B17581B62C6D000646175 /* Accounts.framework in Frameworks */,
				102B17561B62C6CA00646175 /* QuartzCore.framework in Frameworks */,
				102B17541B62C6C200646175 /* CoreLocation.framework in Frameworks */,
				102B17521B62C6BA00646175 /* CoreGraphics.framework in Frameworks */,
				102B17501B62C6B300646175 /* CFNetwork.framework in Frameworks */,
				102B174E1B62C6AE00646175 /* AudioToolbox.framework in Frameworks */,
				102B17471B62C69B00646175 /* Bolts.framework in Frameworks */,
				102B17481B62C69B00646175 /* Parse.framework in Frameworks */,
				102B17491B62C69B00646175 /* ParseCrashReporting.framework in Frameworks */,
				102B174A1B62C69B00646175 /* ParseFacebookUtils.framework in Frameworks */,
				102B174B1B62C69B00646175 /* ParseFacebookUtilsV4.framework in Frameworks */,
				102B174C1B62C69B00646175 /* ParseUI.framework in Frameworks */,
			);
			runOnlyForDeploymentPostprocessing = 0;
		};
		102B17281B617FD600646175 /* Frameworks */ = {
			isa = PBXFrameworksBuildPhase;
			buildActionMask = 2147483647;
			files = (
			);
			runOnlyForDeploymentPostprocessing = 0;
		};
/* End PBXFrameworksBuildPhase section */

/* Begin PBXGroup section */
		102B170D1B617FD600646175 = {
			isa = PBXGroup;
			children = (
				102B17181B617FD600646175 /* noName */,
				102B17631B62C70200646175 /* libsqlite3.dylib */,
				102B17611B62C6F700646175 /* libz.dylib */,
				102B175F1B62C6EA00646175 /* SystemConfiguration.framework */,
				102B175D1B62C6E100646175 /* StoreKit.framework */,
				102B175B1B62C6DB00646175 /* Security.framework */,
				102B17591B62C6D400646175 /* Social.framework */,
				102B17571B62C6D000646175 /* Accounts.framework */,
				102B17551B62C6CA00646175 /* QuartzCore.framework */,
				102B17531B62C6C200646175 /* CoreLocation.framework */,
				102B17511B62C6BA00646175 /* CoreGraphics.framework */,
				102B174F1B62C6B300646175 /* CFNetwork.framework */,
				102B174D1B62C6AE00646175 /* AudioToolbox.framework */,
				102B17411B62C69B00646175 /* Bolts.framework */,
				102B17421B62C69B00646175 /* Parse.framework */,
				102B17431B62C69B00646175 /* ParseCrashReporting.framework */,
				102B17441B62C69B00646175 /* ParseFacebookUtils.framework */,
				102B17451B62C69B00646175 /* ParseFacebookUtilsV4.framework */,
				102B17461B62C69B00646175 /* ParseUI.framework */,
				102B172E1B617FD600646175 /* noNameTests */,
				102B17171B617FD600646175 /* Products */,
			);
			sourceTree = "<group>";
		};
		102B17171B617FD600646175 /* Products */ = {
			isa = PBXGroup;
			children = (
				102B17161B617FD600646175 /* noName.app */,
				102B172B1B617FD600646175 /* noNameTests.xctest */,
			);
			name = Products;
			sourceTree = "<group>";
		};
		102B17181B617FD600646175 /* noName */ = {
			isa = PBXGroup;
			children = (
				1031B87D1B695B5900CA49CC /* Main.storyboard */,
				102B171B1B617FD600646175 /* AppDelegate.swift */,
				102B17651B62C87F00646175 /* AuthViewController.swift */,
				102B171D1B617FD600646175 /* ViewController.swift */,
				102B17671B62D06700646175 /* signUpViewController.swift */,
				102B17691B62D06F00646175 /* logInViewController.swift */,
				102B173D1B61B19200646175 /* TabBarViewController.swift */,
				1031B8791B66C16700CA49CC /* CustomTableViewController.swift */,
				1031B87B1B694E9200CA49CC /* FeedViewController.swift */,
				102B17221B617FD600646175 /* Images.xcassets */,
				102B17241B617FD600646175 /* LaunchScreen.xib */,
				102B17191B617FD600646175 /* Supporting Files */,
			);
			path = noName;
			sourceTree = "<group>";
		};
		102B17191B617FD600646175 /* Supporting Files */ = {
			isa = PBXGroup;
			children = (
				102B176B1B62E3CD00646175 /* Sunday-Regular.ttf */,
				1031B8751B62E58A00CA49CC /* Canter Bold 3D.otf */,
				1031B8771B62E5FF00CA49CC /* Canter Bold.otf */,
				102B171A1B617FD600646175 /* Info.plist */,
			);
			name = "Supporting Files";
			sourceTree = "<group>";
		};
		102B172E1B617FD600646175 /* noNameTests */ = {
			isa = PBXGroup;
			children = (
				102B17311B617FD600646175 /* noNameTests.swift */,
				102B172F1B617FD600646175 /* Supporting Files */,
			);
			path = noNameTests;
			sourceTree = "<group>";
		};
		102B172F1B617FD600646175 /* Supporting Files */ = {
			isa = PBXGroup;
			children = (
				102B17301B617FD600646175 /* Info.plist */,
			);
			name = "Supporting Files";
			sourceTree = "<group>";
		};
/* End PBXGroup section */

/* Begin PBXNativeTarget section */
		102B17151B617FD600646175 /* noName */ = {
			isa = PBXNativeTarget;
			buildConfigurationList = 102B17351B617FD600646175 /* Build configuration list for PBXNativeTarget "noName" */;
			buildPhases = (
				102B17121B617FD600646175 /* Sources */,
				102B17131B617FD600646175 /* Frameworks */,
				102B17141B617FD600646175 /* Resources */,
			);
			buildRules = (
			);
			dependencies = (
			);
			name = noName;
			productName = noName;
			productReference = 102B17161B617FD600646175 /* noName.app */;
			productType = "com.apple.product-type.application";
		};
		102B172A1B617FD600646175 /* noNameTests */ = {
			isa = PBXNativeTarget;
			buildConfigurationList = 102B17381B617FD600646175 /* Build configuration list for PBXNativeTarget "noNameTests" */;
			buildPhases = (
				102B17271B617FD600646175 /* Sources */,
				102B17281B617FD600646175 /* Frameworks */,
				102B17291B617FD600646175 /* Resources */,
			);
			buildRules = (
			);
			dependencies = (
				102B172D1B617FD600646175 /* PBXTargetDependency */,
			);
			name = noNameTests;
			productName = noNameTests;
			productReference = 102B172B1B617FD600646175 /* noNameTests.xctest */;
			productType = "com.apple.product-type.bundle.unit-test";
		};
/* End PBXNativeTarget section */

/* Begin PBXProject section */
		102B170E1B617FD600646175 /* Project object */ = {
			isa = PBXProject;
			attributes = {
				LastUpgradeCheck = 0630;
				ORGANIZATIONNAME = Dasom;
				TargetAttributes = {
					102B17151B617FD600646175 = {
						CreatedOnToolsVersion = 6.3.2;
					};
					102B172A1B617FD600646175 = {
						CreatedOnToolsVersion = 6.3.2;
						TestTargetID = 102B17151B617FD600646175;
					};
				};
			};
			buildConfigurationList = 102B17111B617FD600646175 /* Build configuration list for PBXProject "noName" */;
			compatibilityVersion = "Xcode 3.2";
			developmentRegion = English;
			hasScannedForEncodings = 0;
			knownRegions = (
				en,
				Base,
			);
			mainGroup = 102B170D1B617FD600646175;
			productRefGroup = 102B17171B617FD600646175 /* Products */;
			projectDirPath = "";
			projectRoot = "";
			targets = (
				102B17151B617FD600646175 /* noName */,
				102B172A1B617FD600646175 /* noNameTests */,
			);
		};
/* End PBXProject section */

/* Begin PBXResourcesBuildPhase section */
		102B17141B617FD600646175 /* Resources */ = {
			isa = PBXResourcesBuildPhase;
			buildActionMask = 2147483647;
			files = (
				1031B8781B62E5FF00CA49CC /* Canter Bold.otf in Resources */,
				1031B8761B62E58A00CA49CC /* Canter Bold 3D.otf in Resources */,
				102B176C1B62E3CD00646175 /* Sunday-Regular.ttf in Resources */,
				1031B87F1B695B5900CA49CC /* Main.storyboard in Resources */,
				102B17261B617FD600646175 /* LaunchScreen.xib in Resources */,
				102B17231B617FD600646175 /* Images.xcassets in Resources */,
			);
			runOnlyForDeploymentPostprocessing = 0;
		};
		102B17291B617FD600646175 /* Resources */ = {
			isa = PBXResourcesBuildPhase;
			buildActionMask = 2147483647;
			files = (
			);
			runOnlyForDeploymentPostprocessing = 0;
		};
/* End PBXResourcesBuildPhase section */

/* Begin PBXSourcesBuildPhase section */
		102B17121B617FD600646175 /* Sources */ = {
			isa = PBXSourcesBuildPhase;
			buildActionMask = 2147483647;
			files = (
				102B17681B62D06700646175 /* signUpViewController.swift in Sources */,
				102B17661B62C87F00646175 /* AuthViewController.swift in Sources */,
				102B171E1B617FD600646175 /* ViewController.swift in Sources */,
				102B173E1B61B19200646175 /* TabBarViewController.swift in Sources */,
				102B176A1B62D06F00646175 /* logInViewController.swift in Sources */,
				1031B87A1B66C16700CA49CC /* CustomTableViewController.swift in Sources */,
				1031B87C1B694E9200CA49CC /* FeedViewController.swift in Sources */,
				102B171C1B617FD600646175 /* AppDelegate.swift in Sources */,
			);
			runOnlyForDeploymentPostprocessing = 0;
		};
		102B17271B617FD600646175 /* Sources */ = {
			isa = PBXSourcesBuildPhase;
			buildActionMask = 2147483647;
			files = (
				102B17321B617FD600646175 /* noNameTests.swift in Sources */,
			);
			runOnlyForDeploymentPostprocessing = 0;
		};
/* End PBXSourcesBuildPhase section */

/* Begin PBXTargetDependency section */
		102B172D1B617FD600646175 /* PBXTargetDependency */ = {
			isa = PBXTargetDependency;
			target = 102B17151B617FD600646175 /* noName */;
			targetProxy = 102B172C1B617FD600646175 /* PBXContainerItemProxy */;
		};
/* End PBXTargetDependency section */

/* Begin PBXVariantGroup section */
		102B17241B617FD600646175 /* LaunchScreen.xib */ = {
			isa = PBXVariantGroup;
			children = (
				102B17251B617FD600646175 /* Base */,
			);
			name = LaunchScreen.xib;
			sourceTree = "<group>";
		};
		1031B87D1B695B5900CA49CC /* Main.storyboard */ = {
			isa = PBXVariantGroup;
			children = (
				1031B87E1B695B5900CA49CC /* Base */,
			);
			name = Main.storyboard;
			sourceTree = "<group>";
		};
/* End PBXVariantGroup section */

/* Begin XCBuildConfiguration section */
		102B17331B617FD600646175 /* Debug */ = {
			isa = XCBuildConfiguration;
			buildSettings = {
				ALWAYS_SEARCH_USER_PATHS = NO;
				CLANG_CXX_LANGUAGE_STANDARD = "gnu++0x";
				CLANG_CXX_LIBRARY = "libc++";
				CLANG_ENABLE_MODULES = YES;
				CLANG_ENABLE_OBJC_ARC = YES;
				CLANG_WARN_BOOL_CONVERSION = YES;
				CLANG_WARN_CONSTANT_CONVERSION = YES;
				CLANG_WARN_DIRECT_OBJC_ISA_USAGE = YES_ERROR;
				CLANG_WARN_EMPTY_BODY = YES;
				CLANG_WARN_ENUM_CONVERSION = YES;
				CLANG_WARN_INT_CONVERSION = YES;
				CLANG_WARN_OBJC_ROOT_CLASS = YES_ERROR;
				CLANG_WARN_UNREACHABLE_CODE = YES;
				CLANG_WARN__DUPLICATE_METHOD_MATCH = YES;
				"CODE_SIGN_IDENTITY[sdk=iphoneos*]" = "iPhone Developer";
				COPY_PHASE_STRIP = NO;
				DEBUG_INFORMATION_FORMAT = "dwarf-with-dsym";
				ENABLE_STRICT_OBJC_MSGSEND = YES;
				GCC_C_LANGUAGE_STANDARD = gnu99;
				GCC_DYNAMIC_NO_PIC = NO;
				GCC_NO_COMMON_BLOCKS = YES;
				GCC_OPTIMIZATION_LEVEL = 0;
				GCC_PREPROCESSOR_DEFINITIONS = (
					"DEBUG=1",
					"$(inherited)",
				);
				GCC_SYMBOLS_PRIVATE_EXTERN = NO;
				GCC_WARN_64_TO_32_BIT_CONVERSION = YES;
				GCC_WARN_ABOUT_RETURN_TYPE = YES_ERROR;
				GCC_WARN_UNDECLARED_SELECTOR = YES;
				GCC_WARN_UNINITIALIZED_AUTOS = YES_AGGRESSIVE;
				GCC_WARN_UNUSED_FUNCTION = YES;
				GCC_WARN_UNUSED_VARIABLE = YES;
				IPHONEOS_DEPLOYMENT_TARGET = 8.3;
				MTL_ENABLE_DEBUG_INFO = YES;
				ONLY_ACTIVE_ARCH = YES;
				SDKROOT = iphoneos;
				SWIFT_OPTIMIZATION_LEVEL = "-Onone";
			};
			name = Debug;
		};
		102B17341B617FD600646175 /* Release */ = {
			isa = XCBuildConfiguration;
			buildSettings = {
				ALWAYS_SEARCH_USER_PATHS = NO;
				CLANG_CXX_LANGUAGE_STANDARD = "gnu++0x";
				CLANG_CXX_LIBRARY = "libc++";
				CLANG_ENABLE_MODULES = YES;
				CLANG_ENABLE_OBJC_ARC = YES;
				CLANG_WARN_BOOL_CONVERSION = YES;
				CLANG_WARN_CONSTANT_CONVERSION = YES;
				CLANG_WARN_DIRECT_OBJC_ISA_USAGE = YES_ERROR;
				CLANG_WARN_EMPTY_BODY = YES;
				CLANG_WARN_ENUM_CONVERSION = YES;
				CLANG_WARN_INT_CONVERSION = YES;
				CLANG_WARN_OBJC_ROOT_CLASS = YES_ERROR;
				CLANG_WARN_UNREACHABLE_CODE = YES;
				CLANG_WARN__DUPLICATE_METHOD_MATCH = YES;
				"CODE_SIGN_IDENTITY[sdk=iphoneos*]" = "iPhone Developer";
				COPY_PHASE_STRIP = NO;
				DEBUG_INFORMATION_FORMAT = "dwarf-with-dsym";
				ENABLE_NS_ASSERTIONS = NO;
				ENABLE_STRICT_OBJC_MSGSEND = YES;
				GCC_C_LANGUAGE_STANDARD = gnu99;
				GCC_NO_COMMON_BLOCKS = YES;
				GCC_WARN_64_TO_32_BIT_CONVERSION = YES;
				GCC_WARN_ABOUT_RETURN_TYPE = YES_ERROR;
				GCC_WARN_UNDECLARED_SELECTOR = YES;
				GCC_WARN_UNINITIALIZED_AUTOS = YES_AGGRESSIVE;
				GCC_WARN_UNUSED_FUNCTION = YES;
				GCC_WARN_UNUSED_VARIABLE = YES;
				IPHONEOS_DEPLOYMENT_TARGET = 8.3;
				MTL_ENABLE_DEBUG_INFO = NO;
				SDKROOT = iphoneos;
				VALIDATE_PRODUCT = YES;
			};
			name = Release;
		};
		102B17361B617FD600646175 /* Debug */ = {
			isa = XCBuildConfiguration;
			buildSettings = {
				ASSETCATALOG_COMPILER_APPICON_NAME = AppIcon;
				FRAMEWORK_SEARCH_PATHS = (
					"$(inherited)",
					"/Users/dasomPark/Downloads/parse-library-1",
				);
				INFOPLIST_FILE = noName/Info.plist;
				LD_RUNPATH_SEARCH_PATHS = "$(inherited) @executable_path/Frameworks";
				PRODUCT_NAME = "$(TARGET_NAME)";
				TARGETED_DEVICE_FAMILY = 1;
			};
			name = Debug;
		};
		102B17371B617FD600646175 /* Release */ = {
			isa = XCBuildConfiguration;
			buildSettings = {
				ASSETCATALOG_COMPILER_APPICON_NAME = AppIcon;
				FRAMEWORK_SEARCH_PATHS = (
					"$(inherited)",
					"/Users/dasomPark/Downloads/parse-library-1",
				);
				INFOPLIST_FILE = noName/Info.plist;
				LD_RUNPATH_SEARCH_PATHS = "$(inherited) @executable_path/Frameworks";
				PRODUCT_NAME = "$(TARGET_NAME)";
				TARGETED_DEVICE_FAMILY = 1;
			};
			name = Release;
		};
		102B17391B617FD600646175 /* Debug */ = {
			isa = XCBuildConfiguration;
			buildSettings = {
				BUNDLE_LOADER = "$(TEST_HOST)";
				FRAMEWORK_SEARCH_PATHS = (
					"$(SDKROOT)/Developer/Library/Frameworks",
					"$(inherited)",
				);
				GCC_PREPROCESSOR_DEFINITIONS = (
					"DEBUG=1",
					"$(inherited)",
				);
				INFOPLIST_FILE = noNameTests/Info.plist;
				LD_RUNPATH_SEARCH_PATHS = "$(inherited) @executable_path/Frameworks @loader_path/Frameworks";
				PRODUCT_NAME = "$(TARGET_NAME)";
				TEST_HOST = "$(BUILT_PRODUCTS_DIR)/noName.app/noName";
			};
			name = Debug;
		};
		102B173A1B617FD600646175 /* Release */ = {
			isa = XCBuildConfiguration;
			buildSettings = {
				BUNDLE_LOADER = "$(TEST_HOST)";
				FRAMEWORK_SEARCH_PATHS = (
					"$(SDKROOT)/Developer/Library/Frameworks",
					"$(inherited)",
				);
				INFOPLIST_FILE = noNameTests/Info.plist;
				LD_RUNPATH_SEARCH_PATHS = "$(inherited) @executable_path/Frameworks @loader_path/Frameworks";
				PRODUCT_NAME = "$(TARGET_NAME)";
				TEST_HOST = "$(BUILT_PRODUCTS_DIR)/noName.app/noName";
			};
			name = Release;
		};
/* End XCBuildConfiguration section */

/* Begin XCConfigurationList section */
		102B17111B617FD600646175 /* Build configuration list for PBXProject "noName" */ = {
			isa = XCConfigurationList;
			buildConfigurations = (
				102B17331B617FD600646175 /* Debug */,
				102B17341B617FD600646175 /* Release */,
			);
			defaultConfigurationIsVisible = 0;
			defaultConfigurationName = Release;
		};
		102B17351B617FD600646175 /* Build configuration list for PBXNativeTarget "noName" */ = {
			isa = XCConfigurationList;
			buildConfigurations = (
				102B17361B617FD600646175 /* Debug */,
				102B17371B617FD600646175 /* Release */,
			);
			defaultConfigurationIsVisible = 0;
			defaultConfigurationName = Release;
		};
		102B17381B617FD600646175 /* Build configuration list for PBXNativeTarget "noNameTests" */ = {
			isa = XCConfigurationList;
			buildConfigurations = (
				102B17391B617FD600646175 /* Debug */,
				102B173A1B617FD600646175 /* Release */,
			);
			defaultConfigurationIsVisible = 0;
			defaultConfigurationName = Release;
		};
/* End XCConfigurationList section */
	};
	rootObject = 102B170E1B617FD600646175 /* Project object */;
}
